
Microsoft Visual Studio Solution File, Format Version 12.00
# Visual Studio Version 17
VisualStudioVersion = 17.11.35312.102
MinimumVisualStudioVersion = 10.0.40219.1
Project("{FAE04EC0-301F-11D3-BF4B-00C04F79EFBC}") = "KaiEcom", "KaiEcom.csproj", "{CA0A5074-BDFA-4DBE-8316-591D4998BC77}"
EndProject
Global
	GlobalSection(SolutionConfigurationPlatforms) = preSolution
		Debug|Any CPU = Debug|Any CPU
		Release|Any CPU = Release|Any CPU
	EndGlobalSection
	GlobalSection(ProjectConfigurationPlatforms) = postSolution
		{CA0A5074-BDFA-4DBE-8316-591D4998BC77}.Debug|Any CPU.ActiveCfg = Debug|Any CPU
		{CA0A5074-BDFA-4DBE-8316-591D4998BC77}.Debug|Any CPU.Build.0 = Debug|Any CPU
		{CA0A5074-BDFA-4DBE-8316-591D4998BC77}.Release|Any CPU.ActiveCfg = Release|Any CPU
		{CA0A5074-BDFA-4DBE-8316-591D4998BC77}.Release|Any CPU.Build.0 = Release|Any CPU
	EndGlobalSection
	GlobalSection(SolutionProperties) = preSolution
		HideSolutionNode = FALSE
	EndGlobalSection
	GlobalSection(ExtensibilityGlobals) = postSolution
		SolutionGuid = {BFE800EF-06DE-48DB-9EA3-D986C32C76D5}
	EndGlobalSection
EndGlobal
